
Microsoft Visual Studio Solution File, Format Version 12.00
Project("{FAE04EC0-301F-11D3-BF4B-00C04F79EFBC}") = "JenkinsDotNet.Tests", "JenkinsDotNet.Tests\JenkinsDotNet.Tests.csproj", "{1DF1DBA0-0E10-4C15-8CA7-D132B6049BC5}"
EndProject
Global
	GlobalSection(SolutionConfigurationPlatforms) = preSolution
		Debug|Any CPU = Debug|Any CPU
		Release|Any CPU = Release|Any CPU
	EndGlobalSection
	GlobalSection(ProjectConfigurationPlatforms) = postSolution
		{1DF1DBA0-0E10-4C15-8CA7-D132B6049BC5}.Debug|Any CPU.ActiveCfg = Debug|Any CPU
		{1DF1DBA0-0E10-4C15-8CA7-D132B6049BC5}.Debug|Any CPU.Build.0 = Debug|Any CPU
		{1DF1DBA0-0E10-4C15-8CA7-D132B6049BC5}.Release|Any CPU.ActiveCfg = Release|Any CPU
		{1DF1DBA0-0E10-4C15-8CA7-D132B6049BC5}.Release|Any CPU.Build.0 = Release|Any CPU
	EndGlobalSection
EndGlobal
